// !$*UTF8*$!
{
	archiveVersion = 1;
	classes = {
	};
	objectVersion = 56;
	objects = {

/* Begin PBXBuildFile section */
		3783F01FB5E00F0CB0011F8A /* Pods_Text_Fields.framework in Frameworks */ = {isa = PBXBuildFile; fileRef = AFF26E923170CBEA9EDB8798 /* Pods_Text_Fields.framework */; };
		CA19E9F0292F81AD000585AB /* NoDigitsView.swift in Sources */ = {isa = PBXBuildFile; fileRef = CA19E9EF292F81AD000585AB /* NoDigitsView.swift */; };
		CA19E9F2292F93CE000585AB /* InputLimitView.swift in Sources */ = {isa = PBXBuildFile; fileRef = CA19E9F1292F93CE000585AB /* InputLimitView.swift */; };
		CA19E9F8292FC042000585AB /* OnlyCharactersView.swift in Sources */ = {isa = PBXBuildFile; fileRef = CA19E9F7292FC042000585AB /* OnlyCharactersView.swift */; };
		CA19E9FA292FC8BC000585AB /* LinkView.swift in Sources */ = {isa = PBXBuildFile; fileRef = CA19E9F9292FC8BC000585AB /* LinkView.swift */; };
		CA19E9FC292FCA17000585AB /* ValidationRulesView.swift in Sources */ = {isa = PBXBuildFile; fileRef = CA19E9FB292FCA17000585AB /* ValidationRulesView.swift */; };
		CA601138291EA612002C3830 /* Rubik-Regular.ttf in Resources */ = {isa = PBXBuildFile; fileRef = CA601137291EA612002C3830 /* Rubik-Regular.ttf */; };
		CA60113A29238252002C3830 /* Model.swift in Sources */ = {isa = PBXBuildFile; fileRef = CA60113929238252002C3830 /* Model.swift */; };
		CAE59E69291E9B5200648816 /* AppDelegate.swift in Sources */ = {isa = PBXBuildFile; fileRef = CAE59E68291E9B5200648816 /* AppDelegate.swift */; };
		CAE59E6B291E9B5200648816 /* SceneDelegate.swift in Sources */ = {isa = PBXBuildFile; fileRef = CAE59E6A291E9B5200648816 /* SceneDelegate.swift */; };
		CAE59E6D291E9B5200648816 /* Controller.swift in Sources */ = {isa = PBXBuildFile; fileRef = CAE59E6C291E9B5200648816 /* Controller.swift */; };
		CAE59E70291E9B5300648816 /* Main.storyboard in Resources */ = {isa = PBXBuildFile; fileRef = CAE59E6E291E9B5200648816 /* Main.storyboard */; };
		CAE59E72291E9B5300648816 /* Assets.xcassets in Resources */ = {isa = PBXBuildFile; fileRef = CAE59E71291E9B5300648816 /* Assets.xcassets */; };
		CAE59E75291E9B5300648816 /* LaunchScreen.storyboard in Resources */ = {isa = PBXBuildFile; fileRef = CAE59E73291E9B5300648816 /* LaunchScreen.storyboard */; };
		CAE59E80291E9B5300648816 /* TextFieldsUnitTests.swift in Sources */ = {isa = PBXBuildFile; fileRef = CAE59E7F291E9B5300648816 /* TextFieldsUnitTests.swift */; };
		CAE59E8A291E9B5300648816 /* TextFieldsUITests.swift in Sources */ = {isa = PBXBuildFile; fileRef = CAE59E89291E9B5300648816 /* TextFieldsUITests.swift */; };
		F5AF3A071EE56214AF2BCB63 /* Pods_Text_Fields_Text_FieldsUITests.framework in Frameworks */ = {isa = PBXBuildFile; fileRef = 344790E7E7EB8EBBD57E588A /* Pods_Text_Fields_Text_FieldsUITests.framework */; };
		F7A2571740274294B7515728 /* Pods_Text_FieldsTests.framework in Frameworks */ = {isa = PBXBuildFile; fileRef = B3EF56A0107A5A8E819CF969 /* Pods_Text_FieldsTests.framework */; };
/* End PBXBuildFile section */

/* Begin PBXContainerItemProxy section */
		CAE59E7C291E9B5300648816 /* PBXContainerItemProxy */ = {
			isa = PBXContainerItemProxy;
			containerPortal = CAE59E5D291E9B5200648816 /* Project object */;
			proxyType = 1;
			remoteGlobalIDString = CAE59E64291E9B5200648816;
			remoteInfo = "Text Fields";
		};
		CAE59E86291E9B5300648816 /* PBXContainerItemProxy */ = {
			isa = PBXContainerItemProxy;
			containerPortal = CAE59E5D291E9B5200648816 /* Project object */;
			proxyType = 1;
			remoteGlobalIDString = CAE59E64291E9B5200648816;
			remoteInfo = "Text Fields";
		};
/* End PBXContainerItemProxy section */

/* Begin PBXFileReference section */
		17A8B62F9CBB17E2626344A7 /* Pods-Text Fields-Text FieldsUITests.debug.xcconfig */ = {isa = PBXFileReference; includeInIndex = 1; lastKnownFileType = text.xcconfig; name = "Pods-Text Fields-Text FieldsUITests.debug.xcconfig"; path = "Target Support Files/Pods-Text Fields-Text FieldsUITests/Pods-Text Fields-Text FieldsUITests.debug.xcconfig"; sourceTree = "<group>"; };
		2178410A08EB1778664F596E /* Pods-Text Fields.release.xcconfig */ = {isa = PBXFileReference; includeInIndex = 1; lastKnownFileType = text.xcconfig; name = "Pods-Text Fields.release.xcconfig"; path = "Target Support Files/Pods-Text Fields/Pods-Text Fields.release.xcconfig"; sourceTree = "<group>"; };
		344790E7E7EB8EBBD57E588A /* Pods_Text_Fields_Text_FieldsUITests.framework */ = {isa = PBXFileReference; explicitFileType = wrapper.framework; includeInIndex = 0; path = Pods_Text_Fields_Text_FieldsUITests.framework; sourceTree = BUILT_PRODUCTS_DIR; };
		52B220C7372E5A87F964A412 /* Pods-Text Fields.debug.xcconfig */ = {isa = PBXFileReference; includeInIndex = 1; lastKnownFileType = text.xcconfig; name = "Pods-Text Fields.debug.xcconfig"; path = "Target Support Files/Pods-Text Fields/Pods-Text Fields.debug.xcconfig"; sourceTree = "<group>"; };
		88ED4EC1E9DA77D51E636248 /* Pods-Text FieldsTests.release.xcconfig */ = {isa = PBXFileReference; includeInIndex = 1; lastKnownFileType = text.xcconfig; name = "Pods-Text FieldsTests.release.xcconfig"; path = "Target Support Files/Pods-Text FieldsTests/Pods-Text FieldsTests.release.xcconfig"; sourceTree = "<group>"; };
		AFF26E923170CBEA9EDB8798 /* Pods_Text_Fields.framework */ = {isa = PBXFileReference; explicitFileType = wrapper.framework; includeInIndex = 0; path = Pods_Text_Fields.framework; sourceTree = BUILT_PRODUCTS_DIR; };
		B3EF56A0107A5A8E819CF969 /* Pods_Text_FieldsTests.framework */ = {isa = PBXFileReference; explicitFileType = wrapper.framework; includeInIndex = 0; path = Pods_Text_FieldsTests.framework; sourceTree = BUILT_PRODUCTS_DIR; };
		C933E622DB50D833DA572089 /* Pods-Text Fields-Text FieldsUITests.release.xcconfig */ = {isa = PBXFileReference; includeInIndex = 1; lastKnownFileType = text.xcconfig; name = "Pods-Text Fields-Text FieldsUITests.release.xcconfig"; path = "Target Support Files/Pods-Text Fields-Text FieldsUITests/Pods-Text Fields-Text FieldsUITests.release.xcconfig"; sourceTree = "<group>"; };
		CA19E9EF292F81AD000585AB /* NoDigitsView.swift */ = {isa = PBXFileReference; lastKnownFileType = sourcecode.swift; path = NoDigitsView.swift; sourceTree = "<group>"; };
		CA19E9F1292F93CE000585AB /* InputLimitView.swift */ = {isa = PBXFileReference; lastKnownFileType = sourcecode.swift; path = InputLimitView.swift; sourceTree = "<group>"; };
		CA19E9F7292FC042000585AB /* OnlyCharactersView.swift */ = {isa = PBXFileReference; lastKnownFileType = sourcecode.swift; path = OnlyCharactersView.swift; sourceTree = "<group>"; };
		CA19E9F9292FC8BC000585AB /* LinkView.swift */ = {isa = PBXFileReference; lastKnownFileType = sourcecode.swift; path = LinkView.swift; sourceTree = "<group>"; };
		CA19E9FB292FCA17000585AB /* ValidationRulesView.swift */ = {isa = PBXFileReference; lastKnownFileType = sourcecode.swift; path = ValidationRulesView.swift; sourceTree = "<group>"; };
		CA601137291EA612002C3830 /* Rubik-Regular.ttf */ = {isa = PBXFileReference; lastKnownFileType = file; path = "Rubik-Regular.ttf"; sourceTree = "<group>"; };
		CA60113929238252002C3830 /* Model.swift */ = {isa = PBXFileReference; lastKnownFileType = sourcecode.swift; path = Model.swift; sourceTree = "<group>"; };
		CAE59E65291E9B5200648816 /* Text Fields.app */ = {isa = PBXFileReference; explicitFileType = wrapper.application; includeInIndex = 0; path = "Text Fields.app"; sourceTree = BUILT_PRODUCTS_DIR; };
		CAE59E68291E9B5200648816 /* AppDelegate.swift */ = {isa = PBXFileReference; lastKnownFileType = sourcecode.swift; path = AppDelegate.swift; sourceTree = "<group>"; };
		CAE59E6A291E9B5200648816 /* SceneDelegate.swift */ = {isa = PBXFileReference; lastKnownFileType = sourcecode.swift; path = SceneDelegate.swift; sourceTree = "<group>"; };
		CAE59E6C291E9B5200648816 /* Controller.swift */ = {isa = PBXFileReference; lastKnownFileType = sourcecode.swift; path = Controller.swift; sourceTree = "<group>"; };
		CAE59E6F291E9B5300648816 /* Base */ = {isa = PBXFileReference; lastKnownFileType = file.storyboard; name = Base; path = Base.lproj/Main.storyboard; sourceTree = "<group>"; };
		CAE59E71291E9B5300648816 /* Assets.xcassets */ = {isa = PBXFileReference; lastKnownFileType = folder.assetcatalog; path = Assets.xcassets; sourceTree = "<group>"; };
		CAE59E74291E9B5300648816 /* Base */ = {isa = PBXFileReference; lastKnownFileType = file.storyboard; name = Base; path = Base.lproj/LaunchScreen.storyboard; sourceTree = "<group>"; };
		CAE59E76291E9B5300648816 /* Info.plist */ = {isa = PBXFileReference; lastKnownFileType = text.plist.xml; path = Info.plist; sourceTree = "<group>"; };
		CAE59E7B291E9B5300648816 /* Text FieldsTests.xctest */ = {isa = PBXFileReference; explicitFileType = wrapper.cfbundle; includeInIndex = 0; path = "Text FieldsTests.xctest"; sourceTree = BUILT_PRODUCTS_DIR; };
		CAE59E7F291E9B5300648816 /* TextFieldsUnitTests.swift */ = {isa = PBXFileReference; lastKnownFileType = sourcecode.swift; path = TextFieldsUnitTests.swift; sourceTree = "<group>"; };
		CAE59E85291E9B5300648816 /* Text FieldsUITests.xctest */ = {isa = PBXFileReference; explicitFileType = wrapper.cfbundle; includeInIndex = 0; path = "Text FieldsUITests.xctest"; sourceTree = BUILT_PRODUCTS_DIR; };
		CAE59E89291E9B5300648816 /* TextFieldsUITests.swift */ = {isa = PBXFileReference; lastKnownFileType = sourcecode.swift; path = TextFieldsUITests.swift; sourceTree = "<group>"; };
		E7F82ED3487E36DDD0A9FD97 /* Pods-Text FieldsTests.debug.xcconfig */ = {isa = PBXFileReference; includeInIndex = 1; lastKnownFileType = text.xcconfig; name = "Pods-Text FieldsTests.debug.xcconfig"; path = "Target Support Files/Pods-Text FieldsTests/Pods-Text FieldsTests.debug.xcconfig"; sourceTree = "<group>"; };
/* End PBXFileReference section */

/* Begin PBXFrameworksBuildPhase section */
		CAE59E62291E9B5200648816 /* Frameworks */ = {
			isa = PBXFrameworksBuildPhase;
			buildActionMask = 2147483647;
			files = (
				3783F01FB5E00F0CB0011F8A /* Pods_Text_Fields.framework in Frameworks */,
			);
			runOnlyForDeploymentPostprocessing = 0;
		};
		CAE59E78291E9B5300648816 /* Frameworks */ = {
			isa = PBXFrameworksBuildPhase;
			buildActionMask = 2147483647;
			files = (
				F7A2571740274294B7515728 /* Pods_Text_FieldsTests.framework in Frameworks */,
			);
			runOnlyForDeploymentPostprocessing = 0;
		};
		CAE59E82291E9B5300648816 /* Frameworks */ = {
			isa = PBXFrameworksBuildPhase;
			buildActionMask = 2147483647;
			files = (
				F5AF3A071EE56214AF2BCB63 /* Pods_Text_Fields_Text_FieldsUITests.framework in Frameworks */,
			);
			runOnlyForDeploymentPostprocessing = 0;
		};
/* End PBXFrameworksBuildPhase section */

/* Begin PBXGroup section */
		7032CE158D4E0E94E7408C74 /* Frameworks */ = {
			isa = PBXGroup;
			children = (
				AFF26E923170CBEA9EDB8798 /* Pods_Text_Fields.framework */,
				344790E7E7EB8EBBD57E588A /* Pods_Text_Fields_Text_FieldsUITests.framework */,
				B3EF56A0107A5A8E819CF969 /* Pods_Text_FieldsTests.framework */,
			);
			name = Frameworks;
			sourceTree = "<group>";
		};
		CA601132291EA45B002C3830 /* Font */ = {
			isa = PBXGroup;
			children = (
				CA601137291EA612002C3830 /* Rubik-Regular.ttf */,
			);
			path = Font;
			sourceTree = "<group>";
		};
		CA60113B2923825C002C3830 /* Model  */ = {
			isa = PBXGroup;
			children = (
				CA60113929238252002C3830 /* Model.swift */,
			);
			path = "Model ";
			sourceTree = "<group>";
		};
		CA60113C29238269002C3830 /* Controller */ = {
			isa = PBXGroup;
			children = (
				CAE59E6C291E9B5200648816 /* Controller.swift */,
			);
			path = Controller;
			sourceTree = "<group>";
		};
		CA60113D29238277002C3830 /* Supporting files */ = {
			isa = PBXGroup;
			children = (
				CAE59E68291E9B5200648816 /* AppDelegate.swift */,
				CAE59E6A291E9B5200648816 /* SceneDelegate.swift */,
				CAE59E71291E9B5300648816 /* Assets.xcassets */,
			);
			path = "Supporting files";
			sourceTree = "<group>";
		};
		CA60113F2923866B002C3830 /* View */ = {
			isa = PBXGroup;
			children = (
				CA19E9EF292F81AD000585AB /* NoDigitsView.swift */,
				CA19E9F1292F93CE000585AB /* InputLimitView.swift */,
				CA19E9F7292FC042000585AB /* OnlyCharactersView.swift */,
				CA19E9F9292FC8BC000585AB /* LinkView.swift */,
				CA19E9FB292FCA17000585AB /* ValidationRulesView.swift */,
			);
			path = View;
			sourceTree = "<group>";
		};
		CAE59E5C291E9B5200648816 = {
			isa = PBXGroup;
			children = (
				CAE59E67291E9B5200648816 /* Text Fields */,
				CAE59E7E291E9B5300648816 /* TextFieldsUnitTests */,
				CAE59E88291E9B5300648816 /* TextFieldsUITests */,
				CAE59E66291E9B5200648816 /* Products */,
				FDA3C932AB8DC4454F550555 /* Pods */,
				7032CE158D4E0E94E7408C74 /* Frameworks */,
			);
			sourceTree = "<group>";
		};
		CAE59E66291E9B5200648816 /* Products */ = {
			isa = PBXGroup;
			children = (
				CAE59E65291E9B5200648816 /* Text Fields.app */,
				CAE59E7B291E9B5300648816 /* Text FieldsTests.xctest */,
				CAE59E85291E9B5300648816 /* Text FieldsUITests.xctest */,
			);
			name = Products;
			sourceTree = "<group>";
		};
		CAE59E67291E9B5200648816 /* Text Fields */ = {
			isa = PBXGroup;
			children = (
				CA60113B2923825C002C3830 /* Model  */,
				CA60113F2923866B002C3830 /* View */,
				CA60113C29238269002C3830 /* Controller */,
				CA60113D29238277002C3830 /* Supporting files */,
				CA601132291EA45B002C3830 /* Font */,
				CAE59E76291E9B5300648816 /* Info.plist */,
				CAE59E6E291E9B5200648816 /* Main.storyboard */,
				CAE59E73291E9B5300648816 /* LaunchScreen.storyboard */,
			);
			path = "Text Fields";
			sourceTree = "<group>";
		};
		CAE59E7E291E9B5300648816 /* TextFieldsUnitTests */ = {
			isa = PBXGroup;
			children = (
				CAE59E7F291E9B5300648816 /* TextFieldsUnitTests.swift */,
			);
			path = TextFieldsUnitTests;
			sourceTree = "<group>";
		};
		CAE59E88291E9B5300648816 /* TextFieldsUITests */ = {
			isa = PBXGroup;
			children = (
				CAE59E89291E9B5300648816 /* TextFieldsUITests.swift */,
			);
			path = TextFieldsUITests;
			sourceTree = "<group>";
		};
		FDA3C932AB8DC4454F550555 /* Pods */ = {
			isa = PBXGroup;
			children = (
				52B220C7372E5A87F964A412 /* Pods-Text Fields.debug.xcconfig */,
				2178410A08EB1778664F596E /* Pods-Text Fields.release.xcconfig */,
				17A8B62F9CBB17E2626344A7 /* Pods-Text Fields-Text FieldsUITests.debug.xcconfig */,
				C933E622DB50D833DA572089 /* Pods-Text Fields-Text FieldsUITests.release.xcconfig */,
				E7F82ED3487E36DDD0A9FD97 /* Pods-Text FieldsTests.debug.xcconfig */,
				88ED4EC1E9DA77D51E636248 /* Pods-Text FieldsTests.release.xcconfig */,
			);
			path = Pods;
			sourceTree = "<group>";
		};
/* End PBXGroup section */

/* Begin PBXNativeTarget section */
		CAE59E64291E9B5200648816 /* Text Fields */ = {
			isa = PBXNativeTarget;
			buildConfigurationList = CAE59E8F291E9B5300648816 /* Build configuration list for PBXNativeTarget "Text Fields" */;
			buildPhases = (
				B45BE95C4E521F13710294F3 /* [CP] Check Pods Manifest.lock */,
				CAE59E61291E9B5200648816 /* Sources */,
				CAE59E62291E9B5200648816 /* Frameworks */,
				CAE59E63291E9B5200648816 /* Resources */,
				0EA6138034CCD26613A999D2 /* [CP] Embed Pods Frameworks */,
			);
			buildRules = (
			);
			dependencies = (
			);
			name = "Text Fields";
			productName = "Text Fields";
			productReference = CAE59E65291E9B5200648816 /* Text Fields.app */;
			productType = "com.apple.product-type.application";
		};
		CAE59E7A291E9B5300648816 /* Text FieldsTests */ = {
			isa = PBXNativeTarget;
			buildConfigurationList = CAE59E92291E9B5300648816 /* Build configuration list for PBXNativeTarget "Text FieldsTests" */;
			buildPhases = (
				C0D8643D71CC12CA8AF538C7 /* [CP] Check Pods Manifest.lock */,
				CAE59E77291E9B5300648816 /* Sources */,
				CAE59E78291E9B5300648816 /* Frameworks */,
				CAE59E79291E9B5300648816 /* Resources */,
			);
			buildRules = (
			);
			dependencies = (
				CAE59E7D291E9B5300648816 /* PBXTargetDependency */,
			);
			name = "Text FieldsTests";
			productName = "Text FieldsTests";
			productReference = CAE59E7B291E9B5300648816 /* Text FieldsTests.xctest */;
			productType = "com.apple.product-type.bundle.unit-test";
		};
		CAE59E84291E9B5300648816 /* Text FieldsUITests */ = {
			isa = PBXNativeTarget;
			buildConfigurationList = CAE59E95291E9B5300648816 /* Build configuration list for PBXNativeTarget "Text FieldsUITests" */;
			buildPhases = (
				E5193567F1F2E617801E4003 /* [CP] Check Pods Manifest.lock */,
				CAE59E81291E9B5300648816 /* Sources */,
				CAE59E82291E9B5300648816 /* Frameworks */,
				CAE59E83291E9B5300648816 /* Resources */,
				55981F58304652CC1CFB45B1 /* [CP] Embed Pods Frameworks */,
			);
			buildRules = (
			);
			dependencies = (
				CAE59E87291E9B5300648816 /* PBXTargetDependency */,
			);
			name = "Text FieldsUITests";
			productName = "Text FieldsUITests";
			productReference = CAE59E85291E9B5300648816 /* Text FieldsUITests.xctest */;
			productType = "com.apple.product-type.bundle.ui-testing";
		};
/* End PBXNativeTarget section */

/* Begin PBXProject section */
		CAE59E5D291E9B5200648816 /* Project object */ = {
			isa = PBXProject;
			attributes = {
				BuildIndependentTargetsInParallel = 1;
				LastSwiftUpdateCheck = 1410;
				LastUpgradeCheck = 1410;
				TargetAttributes = {
					CAE59E64291E9B5200648816 = {
						CreatedOnToolsVersion = 14.1;
					};
					CAE59E7A291E9B5300648816 = {
						CreatedOnToolsVersion = 14.1;
						TestTargetID = CAE59E64291E9B5200648816;
					};
					CAE59E84291E9B5300648816 = {
						CreatedOnToolsVersion = 14.1;
						TestTargetID = CAE59E64291E9B5200648816;
					};
				};
			};
			buildConfigurationList = CAE59E60291E9B5200648816 /* Build configuration list for PBXProject "Text Fields" */;
			compatibilityVersion = "Xcode 14.0";
			developmentRegion = en;
			hasScannedForEncodings = 0;
			knownRegions = (
				en,
				Base,
			);
			mainGroup = CAE59E5C291E9B5200648816;
			productRefGroup = CAE59E66291E9B5200648816 /* Products */;
			projectDirPath = "";
			projectRoot = "";
			targets = (
				CAE59E64291E9B5200648816 /* Text Fields */,
				CAE59E7A291E9B5300648816 /* Text FieldsTests */,
				CAE59E84291E9B5300648816 /* Text FieldsUITests */,
			);
		};
/* End PBXProject section */

/* Begin PBXResourcesBuildPhase section */
		CAE59E63291E9B5200648816 /* Resources */ = {
			isa = PBXResourcesBuildPhase;
			buildActionMask = 2147483647;
			files = (
				CAE59E75291E9B5300648816 /* LaunchScreen.storyboard in Resources */,
				CA601138291EA612002C3830 /* Rubik-Regular.ttf in Resources */,
				CAE59E72291E9B5300648816 /* Assets.xcassets in Resources */,
				CAE59E70291E9B5300648816 /* Main.storyboard in Resources */,
			);
			runOnlyForDeploymentPostprocessing = 0;
		};
		CAE59E79291E9B5300648816 /* Resources */ = {
			isa = PBXResourcesBuildPhase;
			buildActionMask = 2147483647;
			files = (
			);
			runOnlyForDeploymentPostprocessing = 0;
		};
		CAE59E83291E9B5300648816 /* Resources */ = {
			isa = PBXResourcesBuildPhase;
			buildActionMask = 2147483647;
			files = (
			);
			runOnlyForDeploymentPostprocessing = 0;
		};
/* End PBXResourcesBuildPhase section */

/* Begin PBXShellScriptBuildPhase section */
		0EA6138034CCD26613A999D2 /* [CP] Embed Pods Frameworks */ = {
			isa = PBXShellScriptBuildPhase;
			buildActionMask = 2147483647;
			files = (
			);
			inputFileListPaths = (
				"${PODS_ROOT}/Target Support Files/Pods-Text Fields/Pods-Text Fields-frameworks-${CONFIGURATION}-input-files.xcfilelist",
			);
			name = "[CP] Embed Pods Frameworks";
			outputFileListPaths = (
				"${PODS_ROOT}/Target Support Files/Pods-Text Fields/Pods-Text Fields-frameworks-${CONFIGURATION}-output-files.xcfilelist",
			);
			runOnlyForDeploymentPostprocessing = 0;
			shellPath = /bin/sh;
			shellScript = "\"${PODS_ROOT}/Target Support Files/Pods-Text Fields/Pods-Text Fields-frameworks.sh\"\n";
			showEnvVarsInLog = 0;
		};
		55981F58304652CC1CFB45B1 /* [CP] Embed Pods Frameworks */ = {
			isa = PBXShellScriptBuildPhase;
			buildActionMask = 2147483647;
			files = (
			);
			inputFileListPaths = (
				"${PODS_ROOT}/Target Support Files/Pods-Text Fields-Text FieldsUITests/Pods-Text Fields-Text FieldsUITests-frameworks-${CONFIGURATION}-input-files.xcfilelist",
			);
			name = "[CP] Embed Pods Frameworks";
			outputFileListPaths = (
				"${PODS_ROOT}/Target Support Files/Pods-Text Fields-Text FieldsUITests/Pods-Text Fields-Text FieldsUITests-frameworks-${CONFIGURATION}-output-files.xcfilelist",
			);
			runOnlyForDeploymentPostprocessing = 0;
			shellPath = /bin/sh;
			shellScript = "\"${PODS_ROOT}/Target Support Files/Pods-Text Fields-Text FieldsUITests/Pods-Text Fields-Text FieldsUITests-frameworks.sh\"\n";
			showEnvVarsInLog = 0;
		};
		B45BE95C4E521F13710294F3 /* [CP] Check Pods Manifest.lock */ = {
			isa = PBXShellScriptBuildPhase;
			buildActionMask = 2147483647;
			files = (
			);
			inputFileListPaths = (
			);
			inputPaths = (
				"${PODS_PODFILE_DIR_PATH}/Podfile.lock",
				"${PODS_ROOT}/Manifest.lock",
			);
			name = "[CP] Check Pods Manifest.lock";
			outputFileListPaths = (
			);
			outputPaths = (
				"$(DERIVED_FILE_DIR)/Pods-Text Fields-checkManifestLockResult.txt",
			);
			runOnlyForDeploymentPostprocessing = 0;
			shellPath = /bin/sh;
			shellScript = "diff \"${PODS_PODFILE_DIR_PATH}/Podfile.lock\" \"${PODS_ROOT}/Manifest.lock\" > /dev/null\nif [ $? != 0 ] ; then\n    # print error to STDERR\n    echo \"error: The sandbox is not in sync with the Podfile.lock. Run 'pod install' or update your CocoaPods installation.\" >&2\n    exit 1\nfi\n# This output is used by Xcode 'outputs' to avoid re-running this script phase.\necho \"SUCCESS\" > \"${SCRIPT_OUTPUT_FILE_0}\"\n";
			showEnvVarsInLog = 0;
		};
		C0D8643D71CC12CA8AF538C7 /* [CP] Check Pods Manifest.lock */ = {
			isa = PBXShellScriptBuildPhase;
			buildActionMask = 2147483647;
			files = (
			);
			inputFileListPaths = (
			);
			inputPaths = (
				"${PODS_PODFILE_DIR_PATH}/Podfile.lock",
				"${PODS_ROOT}/Manifest.lock",
			);
			name = "[CP] Check Pods Manifest.lock";
			outputFileListPaths = (
			);
			outputPaths = (
				"$(DERIVED_FILE_DIR)/Pods-Text FieldsTests-checkManifestLockResult.txt",
			);
			runOnlyForDeploymentPostprocessing = 0;
			shellPath = /bin/sh;
			shellScript = "diff \"${PODS_PODFILE_DIR_PATH}/Podfile.lock\" \"${PODS_ROOT}/Manifest.lock\" > /dev/null\nif [ $? != 0 ] ; then\n    # print error to STDERR\n    echo \"error: The sandbox is not in sync with the Podfile.lock. Run 'pod install' or update your CocoaPods installation.\" >&2\n    exit 1\nfi\n# This output is used by Xcode 'outputs' to avoid re-running this script phase.\necho \"SUCCESS\" > \"${SCRIPT_OUTPUT_FILE_0}\"\n";
			showEnvVarsInLog = 0;
		};
		E5193567F1F2E617801E4003 /* [CP] Check Pods Manifest.lock */ = {
			isa = PBXShellScriptBuildPhase;
			buildActionMask = 2147483647;
			files = (
			);
			inputFileListPaths = (
			);
			inputPaths = (
				"${PODS_PODFILE_DIR_PATH}/Podfile.lock",
				"${PODS_ROOT}/Manifest.lock",
			);
			name = "[CP] Check Pods Manifest.lock";
			outputFileListPaths = (
			);
			outputPaths = (
				"$(DERIVED_FILE_DIR)/Pods-Text Fields-Text FieldsUITests-checkManifestLockResult.txt",
			);
			runOnlyForDeploymentPostprocessing = 0;
			shellPath = /bin/sh;
			shellScript = "diff \"${PODS_PODFILE_DIR_PATH}/Podfile.lock\" \"${PODS_ROOT}/Manifest.lock\" > /dev/null\nif [ $? != 0 ] ; then\n    # print error to STDERR\n    echo \"error: The sandbox is not in sync with the Podfile.lock. Run 'pod install' or update your CocoaPods installation.\" >&2\n    exit 1\nfi\n# This output is used by Xcode 'outputs' to avoid re-running this script phase.\necho \"SUCCESS\" > \"${SCRIPT_OUTPUT_FILE_0}\"\n";
			showEnvVarsInLog = 0;
		};
/* End PBXShellScriptBuildPhase section */

/* Begin PBXSourcesBuildPhase section */
		CAE59E61291E9B5200648816 /* Sources */ = {
			isa = PBXSourcesBuildPhase;
			buildActionMask = 2147483647;
			files = (
				CAE59E6D291E9B5200648816 /* Controller.swift in Sources */,
				CA19E9FC292FCA17000585AB /* ValidationRulesView.swift in Sources */,
				CAE59E69291E9B5200648816 /* AppDelegate.swift in Sources */,
				CA19E9FA292FC8BC000585AB /* LinkView.swift in Sources */,
				CA19E9F8292FC042000585AB /* OnlyCharactersView.swift in Sources */,
				CAE59E6B291E9B5200648816 /* SceneDelegate.swift in Sources */,
				CA19E9F2292F93CE000585AB /* InputLimitView.swift in Sources */,
				CA19E9F0292F81AD000585AB /* NoDigitsView.swift in Sources */,
				CA60113A29238252002C3830 /* Model.swift in Sources */,
			);
			runOnlyForDeploymentPostprocessing = 0;
		};
		CAE59E77291E9B5300648816 /* Sources */ = {
			isa = PBXSourcesBuildPhase;
			buildActionMask = 2147483647;
			files = (
				CAE59E80291E9B5300648816 /* TextFieldsUnitTests.swift in Sources */,
			);
			runOnlyForDeploymentPostprocessing = 0;
		};
		CAE59E81291E9B5300648816 /* Sources */ = {
			isa = PBXSourcesBuildPhase;
			buildActionMask = 2147483647;
			files = (
				CAE59E8A291E9B5300648816 /* TextFieldsUITests.swift in Sources */,
			);
			runOnlyForDeploymentPostprocessing = 0;
		};
/* End PBXSourcesBuildPhase section */

/* Begin PBXTargetDependency section */
		CAE59E7D291E9B5300648816 /* PBXTargetDependency */ = {
			isa = PBXTargetDependency;
			target = CAE59E64291E9B5200648816 /* Text Fields */;
			targetProxy = CAE59E7C291E9B5300648816 /* PBXContainerItemProxy */;
		};
		CAE59E87291E9B5300648816 /* PBXTargetDependency */ = {
			isa = PBXTargetDependency;
			target = CAE59E64291E9B5200648816 /* Text Fields */;
			targetProxy = CAE59E86291E9B5300648816 /* PBXContainerItemProxy */;
		};
/* End PBXTargetDependency section */

/* Begin PBXVariantGroup section */
		CAE59E6E291E9B5200648816 /* Main.storyboard */ = {
			isa = PBXVariantGroup;
			children = (
				CAE59E6F291E9B5300648816 /* Base */,
			);
			name = Main.storyboard;
			sourceTree = "<group>";
		};
		CAE59E73291E9B5300648816 /* LaunchScreen.storyboard */ = {
			isa = PBXVariantGroup;
			children = (
				CAE59E74291E9B5300648816 /* Base */,
			);
			name = LaunchScreen.storyboard;
			sourceTree = "<group>";
		};
/* End PBXVariantGroup section */

/* Begin XCBuildConfiguration section */
		CAE59E8D291E9B5300648816 /* Debug */ = {
			isa = XCBuildConfiguration;
			buildSettings = {
				ALWAYS_SEARCH_USER_PATHS = NO;
				CLANG_ANALYZER_NONNULL = YES;
				CLANG_ANALYZER_NUMBER_OBJECT_CONVERSION = YES_AGGRESSIVE;
				CLANG_CXX_LANGUAGE_STANDARD = "gnu++20";
				CLANG_ENABLE_MODULES = YES;
				CLANG_ENABLE_OBJC_ARC = YES;
				CLANG_ENABLE_OBJC_WEAK = YES;
				CLANG_WARN_BLOCK_CAPTURE_AUTORELEASING = YES;
				CLANG_WARN_BOOL_CONVERSION = YES;
				CLANG_WARN_COMMA = YES;
				CLANG_WARN_CONSTANT_CONVERSION = YES;
				CLANG_WARN_DEPRECATED_OBJC_IMPLEMENTATIONS = YES;
				CLANG_WARN_DIRECT_OBJC_ISA_USAGE = YES_ERROR;
				CLANG_WARN_DOCUMENTATION_COMMENTS = YES;
				CLANG_WARN_EMPTY_BODY = YES;
				CLANG_WARN_ENUM_CONVERSION = YES;
				CLANG_WARN_INFINITE_RECURSION = YES;
				CLANG_WARN_INT_CONVERSION = YES;
				CLANG_WARN_NON_LITERAL_NULL_CONVERSION = YES;
				CLANG_WARN_OBJC_IMPLICIT_RETAIN_SELF = YES;
				CLANG_WARN_OBJC_LITERAL_CONVERSION = YES;
				CLANG_WARN_OBJC_ROOT_CLASS = YES_ERROR;
				CLANG_WARN_QUOTED_INCLUDE_IN_FRAMEWORK_HEADER = YES;
				CLANG_WARN_RANGE_LOOP_ANALYSIS = YES;
				CLANG_WARN_STRICT_PROTOTYPES = YES;
				CLANG_WARN_SUSPICIOUS_MOVE = YES;
				CLANG_WARN_UNGUARDED_AVAILABILITY = YES_AGGRESSIVE;
				CLANG_WARN_UNREACHABLE_CODE = YES;
				CLANG_WARN__DUPLICATE_METHOD_MATCH = YES;
				COPY_PHASE_STRIP = NO;
				DEBUG_INFORMATION_FORMAT = dwarf;
				ENABLE_STRICT_OBJC_MSGSEND = YES;
				ENABLE_TESTABILITY = YES;
				GCC_C_LANGUAGE_STANDARD = gnu11;
				GCC_DYNAMIC_NO_PIC = NO;
				GCC_NO_COMMON_BLOCKS = YES;
				GCC_OPTIMIZATION_LEVEL = 0;
				GCC_PREPROCESSOR_DEFINITIONS = (
					"DEBUG=1",
					"$(inherited)",
				);
				GCC_WARN_64_TO_32_BIT_CONVERSION = YES;
				GCC_WARN_ABOUT_RETURN_TYPE = YES_ERROR;
				GCC_WARN_UNDECLARED_SELECTOR = YES;
				GCC_WARN_UNINITIALIZED_AUTOS = YES_AGGRESSIVE;
				GCC_WARN_UNUSED_FUNCTION = YES;
				GCC_WARN_UNUSED_VARIABLE = YES;
				IPHONEOS_DEPLOYMENT_TARGET = 16.1;
				MTL_ENABLE_DEBUG_INFO = INCLUDE_SOURCE;
				MTL_FAST_MATH = YES;
				ONLY_ACTIVE_ARCH = YES;
				SDKROOT = iphoneos;
				SWIFT_ACTIVE_COMPILATION_CONDITIONS = DEBUG;
				SWIFT_OPTIMIZATION_LEVEL = "-Onone";
			};
			name = Debug;
		};
		CAE59E8E291E9B5300648816 /* Release */ = {
			isa = XCBuildConfiguration;
			buildSettings = {
				ALWAYS_SEARCH_USER_PATHS = NO;
				CLANG_ANALYZER_NONNULL = YES;
				CLANG_ANALYZER_NUMBER_OBJECT_CONVERSION = YES_AGGRESSIVE;
				CLANG_CXX_LANGUAGE_STANDARD = "gnu++20";
				CLANG_ENABLE_MODULES = YES;
				CLANG_ENABLE_OBJC_ARC = YES;
				CLANG_ENABLE_OBJC_WEAK = YES;
				CLANG_WARN_BLOCK_CAPTURE_AUTORELEASING = YES;
				CLANG_WARN_BOOL_CONVERSION = YES;
				CLANG_WARN_COMMA = YES;
				CLANG_WARN_CONSTANT_CONVERSION = YES;
				CLANG_WARN_DEPRECATED_OBJC_IMPLEMENTATIONS = YES;
				CLANG_WARN_DIRECT_OBJC_ISA_USAGE = YES_ERROR;
				CLANG_WARN_DOCUMENTATION_COMMENTS = YES;
				CLANG_WARN_EMPTY_BODY = YES;
				CLANG_WARN_ENUM_CONVERSION = YES;
				CLANG_WARN_INFINITE_RECURSION = YES;
				CLANG_WARN_INT_CONVERSION = YES;
				CLANG_WARN_NON_LITERAL_NULL_CONVERSION = YES;
				CLANG_WARN_OBJC_IMPLICIT_RETAIN_SELF = YES;
				CLANG_WARN_OBJC_LITERAL_CONVERSION = YES;
				CLANG_WARN_OBJC_ROOT_CLASS = YES_ERROR;
				CLANG_WARN_QUOTED_INCLUDE_IN_FRAMEWORK_HEADER = YES;
				CLANG_WARN_RANGE_LOOP_ANALYSIS = YES;
				CLANG_WARN_STRICT_PROTOTYPES = YES;
				CLANG_WARN_SUSPICIOUS_MOVE = YES;
				CLANG_WARN_UNGUARDED_AVAILABILITY = YES_AGGRESSIVE;
				CLANG_WARN_UNREACHABLE_CODE = YES;
				CLANG_WARN__DUPLICATE_METHOD_MATCH = YES;
				COPY_PHASE_STRIP = NO;
				DEBUG_INFORMATION_FORMAT = "dwarf-with-dsym";
				ENABLE_NS_ASSERTIONS = NO;
				ENABLE_STRICT_OBJC_MSGSEND = YES;
				GCC_C_LANGUAGE_STANDARD = gnu11;
				GCC_NO_COMMON_BLOCKS = YES;
				GCC_WARN_64_TO_32_BIT_CONVERSION = YES;
				GCC_WARN_ABOUT_RETURN_TYPE = YES_ERROR;
				GCC_WARN_UNDECLARED_SELECTOR = YES;
				GCC_WARN_UNINITIALIZED_AUTOS = YES_AGGRESSIVE;
				GCC_WARN_UNUSED_FUNCTION = YES;
				GCC_WARN_UNUSED_VARIABLE = YES;
				IPHONEOS_DEPLOYMENT_TARGET = 16.1;
				MTL_ENABLE_DEBUG_INFO = NO;
				MTL_FAST_MATH = YES;
				SDKROOT = iphoneos;
				SWIFT_COMPILATION_MODE = wholemodule;
				SWIFT_OPTIMIZATION_LEVEL = "-O";
				VALIDATE_PRODUCT = YES;
			};
			name = Release;
		};
		CAE59E90291E9B5300648816 /* Debug */ = {
			isa = XCBuildConfiguration;
			baseConfigurationReference = 52B220C7372E5A87F964A412 /* Pods-Text Fields.debug.xcconfig */;
			buildSettings = {
				ASSETCATALOG_COMPILER_APPICON_NAME = AppIcon;
				ASSETCATALOG_COMPILER_GLOBAL_ACCENT_COLOR_NAME = AccentColor;
				CODE_SIGN_STYLE = Automatic;
				CURRENT_PROJECT_VERSION = 1;
				DEVELOPMENT_TEAM = JJF74M9Z2N;
				GENERATE_INFOPLIST_FILE = YES;
				INFOPLIST_FILE = "Text Fields/Info.plist";
				INFOPLIST_KEY_UIApplicationSupportsIndirectInputEvents = YES;
				INFOPLIST_KEY_UILaunchStoryboardName = LaunchScreen;
				INFOPLIST_KEY_UIMainStoryboardFile = Main;
				INFOPLIST_KEY_UISupportedInterfaceOrientations_iPad = "UIInterfaceOrientationPortrait UIInterfaceOrientationPortraitUpsideDown UIInterfaceOrientationLandscapeLeft UIInterfaceOrientationLandscapeRight";
				INFOPLIST_KEY_UISupportedInterfaceOrientations_iPhone = "UIInterfaceOrientationPortrait UIInterfaceOrientationLandscapeLeft UIInterfaceOrientationLandscapeRight";
				LD_RUNPATH_SEARCH_PATHS = (
					"$(inherited)",
					"@executable_path/Frameworks",
				);
				MARKETING_VERSION = 1.0;
				PRODUCT_BUNDLE_IDENTIFIER = "pl.koss.Text-Fields";
				PRODUCT_NAME = "$(TARGET_NAME)";
				SWIFT_EMIT_LOC_STRINGS = YES;
				SWIFT_VERSION = 5.0;
				TARGETED_DEVICE_FAMILY = "1,2";
			};
			name = Debug;
		};
		CAE59E91291E9B5300648816 /* Release */ = {
			isa = XCBuildConfiguration;
			baseConfigurationReference = 2178410A08EB1778664F596E /* Pods-Text Fields.release.xcconfig */;
			buildSettings = {
				ASSETCATALOG_COMPILER_APPICON_NAME = AppIcon;
				ASSETCATALOG_COMPILER_GLOBAL_ACCENT_COLOR_NAME = AccentColor;
				CODE_SIGN_STYLE = Automatic;
				CURRENT_PROJECT_VERSION = 1;
				DEVELOPMENT_TEAM = JJF74M9Z2N;
				GENERATE_INFOPLIST_FILE = YES;
				INFOPLIST_FILE = "Text Fields/Info.plist";
				INFOPLIST_KEY_UIApplicationSupportsIndirectInputEvents = YES;
				INFOPLIST_KEY_UILaunchStoryboardName = LaunchScreen;
				INFOPLIST_KEY_UIMainStoryboardFile = Main;
				INFOPLIST_KEY_UISupportedInterfaceOrientations_iPad = "UIInterfaceOrientationPortrait UIInterfaceOrientationPortraitUpsideDown UIInterfaceOrientationLandscapeLeft UIInterfaceOrientationLandscapeRight";
				INFOPLIST_KEY_UISupportedInterfaceOrientations_iPhone = "UIInterfaceOrientationPortrait UIInterfaceOrientationLandscapeLeft UIInterfaceOrientationLandscapeRight";
				LD_RUNPATH_SEARCH_PATHS = (
					"$(inherited)",
					"@executable_path/Frameworks",
				);
				MARKETING_VERSION = 1.0;
				PRODUCT_BUNDLE_IDENTIFIER = "pl.koss.Text-Fields";
				PRODUCT_NAME = "$(TARGET_NAME)";
				SWIFT_EMIT_LOC_STRINGS = YES;
				SWIFT_VERSION = 5.0;
				TARGETED_DEVICE_FAMILY = "1,2";
			};
			name = Release;
		};
		CAE59E93291E9B5300648816 /* Debug */ = {
			isa = XCBuildConfiguration;
			baseConfigurationReference = E7F82ED3487E36DDD0A9FD97 /* Pods-Text FieldsTests.debug.xcconfig */;
			buildSettings = {
				ALWAYS_EMBED_SWIFT_STANDARD_LIBRARIES = YES;
				BUNDLE_LOADER = "$(TEST_HOST)";
				CODE_SIGN_STYLE = Automatic;
				CURRENT_PROJECT_VERSION = 1;
				DEVELOPMENT_TEAM = JJF74M9Z2N;
				GENERATE_INFOPLIST_FILE = YES;
				IPHONEOS_DEPLOYMENT_TARGET = 16.1;
				MARKETING_VERSION = 1.0;
				PRODUCT_BUNDLE_IDENTIFIER = "pl.koss.Text-FieldsTests";
				PRODUCT_NAME = "$(TARGET_NAME)";
				SWIFT_EMIT_LOC_STRINGS = NO;
				SWIFT_VERSION = 5.0;
				TARGETED_DEVICE_FAMILY = "1,2";
				TEST_HOST = "$(BUILT_PRODUCTS_DIR)/Text Fields.app/$(BUNDLE_EXECUTABLE_FOLDER_PATH)/Text Fields";
			};
			name = Debug;
		};
		CAE59E94291E9B5300648816 /* Release */ = {
			isa = XCBuildConfiguration;
			baseConfigurationReference = 88ED4EC1E9DA77D51E636248 /* Pods-Text FieldsTests.release.xcconfig */;
			buildSettings = {
				ALWAYS_EMBED_SWIFT_STANDARD_LIBRARIES = YES;
				BUNDLE_LOADER = "$(TEST_HOST)";
				CODE_SIGN_STYLE = Automatic;
				CURRENT_PROJECT_VERSION = 1;
				DEVELOPMENT_TEAM = JJF74M9Z2N;
				GENERATE_INFOPLIST_FILE = YES;
				IPHONEOS_DEPLOYMENT_TARGET = 16.1;
				MARKETING_VERSION = 1.0;
				PRODUCT_BUNDLE_IDENTIFIER = "pl.koss.Text-FieldsTests";
				PRODUCT_NAME = "$(TARGET_NAME)";
				SWIFT_EMIT_LOC_STRINGS = NO;
				SWIFT_VERSION = 5.0;
				TARGETED_DEVICE_FAMILY = "1,2";
				TEST_HOST = "$(BUILT_PRODUCTS_DIR)/Text Fields.app/$(BUNDLE_EXECUTABLE_FOLDER_PATH)/Text Fields";
			};
			name = Release;
		};
		CAE59E96291E9B5300648816 /* Debug */ = {
			isa = XCBuildConfiguration;
			baseConfigurationReference = 17A8B62F9CBB17E2626344A7 /* Pods-Text Fields-Text FieldsUITests.debug.xcconfig */;
			buildSettings = {
				ALWAYS_EMBED_SWIFT_STANDARD_LIBRARIES = YES;
				CODE_SIGN_STYLE = Automatic;
				CURRENT_PROJECT_VERSION = 1;
				DEVELOPMENT_TEAM = JJF74M9Z2N;
				GENERATE_INFOPLIST_FILE = YES;
				MARKETING_VERSION = 1.0;
				PRODUCT_BUNDLE_IDENTIFIER = "pl.koss.Text-FieldsUITests";
				PRODUCT_NAME = "$(TARGET_NAME)";
				SWIFT_EMIT_LOC_STRINGS = NO;
				SWIFT_VERSION = 5.0;
				TARGETED_DEVICE_FAMILY = "1,2";
				TEST_TARGET_NAME = "Text Fields";
			};
			name = Debug;
		};
		CAE59E97291E9B5300648816 /* Release */ = {
			isa = XCBuildConfiguration;
			baseConfigurationReference = C933E622DB50D833DA572089 /* Pods-Text Fields-Text FieldsUITests.release.xcconfig */;
			buildSettings = {
				ALWAYS_EMBED_SWIFT_STANDARD_LIBRARIES = YES;
				CODE_SIGN_STYLE = Automatic;
				CURRENT_PROJECT_VERSION = 1;
				DEVELOPMENT_TEAM = JJF74M9Z2N;
				GENERATE_INFOPLIST_FILE = YES;
				MARKETING_VERSION = 1.0;
				PRODUCT_BUNDLE_IDENTIFIER = "pl.koss.Text-FieldsUITests";
				PRODUCT_NAME = "$(TARGET_NAME)";
				SWIFT_EMIT_LOC_STRINGS = NO;
				SWIFT_VERSION = 5.0;
				TARGETED_DEVICE_FAMILY = "1,2";
				TEST_TARGET_NAME = "Text Fields";
			};
			name = Release;
		};
/* End XCBuildConfiguration section */

/* Begin XCConfigurationList section */
		CAE59E60291E9B5200648816 /* Build configuration list for PBXProject "Text Fields" */ = {
			isa = XCConfigurationList;
			buildConfigurations = (
				CAE59E8D291E9B5300648816 /* Debug */,
				CAE59E8E291E9B5300648816 /* Release */,
			);
			defaultConfigurationIsVisible = 0;
			defaultConfigurationName = Release;
		};
		CAE59E8F291E9B5300648816 /* Build configuration list for PBXNativeTarget "Text Fields" */ = {
			isa = XCConfigurationList;
			buildConfigurations = (
				CAE59E90291E9B5300648816 /* Debug */,
				CAE59E91291E9B5300648816 /* Release */,
			);
			defaultConfigurationIsVisible = 0;
			defaultConfigurationName = Release;
		};
		CAE59E92291E9B5300648816 /* Build configuration list for PBXNativeTarget "Text FieldsTests" */ = {
			isa = XCConfigurationList;
			buildConfigurations = (
				CAE59E93291E9B5300648816 /* Debug */,
				CAE59E94291E9B5300648816 /* Release */,
			);
			defaultConfigurationIsVisible = 0;
			defaultConfigurationName = Release;
		};
		CAE59E95291E9B5300648816 /* Build configuration list for PBXNativeTarget "Text FieldsUITests" */ = {
			isa = XCConfigurationList;
			buildConfigurations = (
				CAE59E96291E9B5300648816 /* Debug */,
				CAE59E97291E9B5300648816 /* Release */,
			);
			defaultConfigurationIsVisible = 0;
			defaultConfigurationName = Release;
		};
/* End XCConfigurationList section */
	};
	rootObject = CAE59E5D291E9B5200648816 /* Project object */;
}
